
Microsoft Visual Studio Solution File, Format Version 12.00
# Visual Studio Version 17
VisualStudioVersion = 17.0.31903.59
MinimumVisualStudioVersion = 10.0.40219.1
Project("{2150E333-8FDC-42A3-9474-1A3956D46DE8}") = "UserAuthService", "UserAuthService", "{5BC5E40E-E38D-4DF6-9D29-0B74FC98FAD4}"
EndProject
Project("{2150E333-8FDC-42A3-9474-1A3956D46DE8}") = "Workers", "Workers", "{5EA4624D-7C10-4724-B8E2-F1DA35CD8201}"
EndProject
Project("{2150E333-8FDC-42A3-9474-1A3956D46DE8}") = "Websites", "Websites", "{19F12CBC-F5AB-4A09-A253-75D3EB125992}"
EndProject
Project("{FAE04EC0-301F-11D3-BF4B-00C04F79EFBC}") = "CustomerPortal.CustomerWebsite", "CustomerPortal.CustomerWebsite\CustomerPortal.CustomerWebsite.csproj", "{48E43A06-3E57-498C-A712-2D3558208D58}"
EndProject
Project("{FAE04EC0-301F-11D3-BF4B-00C04F79EFBC}") = "CustomerPortal.PriceListGenerationService", "CustomerPortal.PriceListGenerationService\CustomerPortal.PriceListGenerationService.csproj", "{89DE438F-51C3-45FF-9953-E62C0C448CA3}"
EndProject
Project("{FAE04EC0-301F-11D3-BF4B-00C04F79EFBC}") = "CustomerPortal.UserAuthService", "CustomerPortal.UserAuthService\CustomerPortal.UserAuthService.csproj", "{18699E61-EC64-4D80-9E06-9422E1EC70BD}"
EndProject
Project("{FAE04EC0-301F-11D3-BF4B-00C04F79EFBC}") = "CustomerPortal.UserAuthService.Postgres", "CustomerPortal.UserAuthService.Postgres\CustomerPortal.UserAuthService.Postgres.csproj", "{D5E0E787-0375-4DE0-B945-3EB8D00EEA6C}"
EndProject
Project("{FAE04EC0-301F-11D3-BF4B-00C04F79EFBC}") = "CustomerPortal.UserAuthService.Domain", "CustomerPortal.UserAuthService.Domain\CustomerPortal.UserAuthService.Domain.csproj", "{3C7CA049-AE96-42F7-B716-8C2919DF1A05}"
EndProject
Project("{2150E333-8FDC-42A3-9474-1A3956D46DE8}") = "Shared", "Shared", "{EA46C166-48C2-4D2F-9B42-FE19C413FAF7}"
EndProject
Project("{FAE04EC0-301F-11D3-BF4B-00C04F79EFBC}") = "CustomerPortal.Extensions", "CustomerPortal.Extensions\CustomerPortal.Extensions.csproj", "{477733D4-2EB3-4A5F-BF35-26DB0CFA8D65}"
EndProject
Project("{FAE04EC0-301F-11D3-BF4B-00C04F79EFBC}") = "CustomerPortal.Messages", "CustomerPortal.Messages\CustomerPortal.Messages.csproj", "{96FF0CE3-FB8B-44A1-81FC-AD6D790CBF51}"
EndProject
Project("{FAE04EC0-301F-11D3-BF4B-00C04F79EFBC}") = "CustomerPortal.InternalWebsite", "CustomerPortal.InternalWebsite\CustomerPortal.InternalWebsite.csproj", "{966BCBB3-D222-4C63-B506-933A0C30BF91}"
EndProject
Project("{FAE04EC0-301F-11D3-BF4B-00C04F79EFBC}") = "CustomerPortal.UserAuthService.Domain.Test", "CustomerPortal.UserAuthService.Domain.Test\CustomerPortal.UserAuthService.Domain.Test.csproj", "{7AE5371E-C80A-4AA8-9175-7CC43E20F180}"
EndProject
Global
	GlobalSection(SolutionConfigurationPlatforms) = preSolution
		Debug|Any CPU = Debug|Any CPU
		Debug|x64 = Debug|x64
		Debug|x86 = Debug|x86
		Release|Any CPU = Release|Any CPU
		Release|x64 = Release|x64
		Release|x86 = Release|x86
	EndGlobalSection
	GlobalSection(ProjectConfigurationPlatforms) = postSolution
		{48E43A06-3E57-498C-A712-2D3558208D58}.Debug|Any CPU.ActiveCfg = Debug|Any CPU
		{48E43A06-3E57-498C-A712-2D3558208D58}.Debug|Any CPU.Build.0 = Debug|Any CPU
		{48E43A06-3E57-498C-A712-2D3558208D58}.Debug|x64.ActiveCfg = Debug|Any CPU
		{48E43A06-3E57-498C-A712-2D3558208D58}.Debug|x64.Build.0 = Debug|Any CPU
		{48E43A06-3E57-498C-A712-2D3558208D58}.Debug|x86.ActiveCfg = Debug|Any CPU
		{48E43A06-3E57-498C-A712-2D3558208D58}.Debug|x86.Build.0 = Debug|Any CPU
		{48E43A06-3E57-498C-A712-2D3558208D58}.Release|Any CPU.ActiveCfg = Release|Any CPU
		{48E43A06-3E57-498C-A712-2D3558208D58}.Release|Any CPU.Build.0 = Release|Any CPU
		{48E43A06-3E57-498C-A712-2D3558208D58}.Release|x64.ActiveCfg = Release|Any CPU
		{48E43A06-3E57-498C-A712-2D3558208D58}.Release|x64.Build.0 = Release|Any CPU
		{48E43A06-3E57-498C-A712-2D3558208D58}.Release|x86.ActiveCfg = Release|Any CPU
		{48E43A06-3E57-498C-A712-2D3558208D58}.Release|x86.Build.0 = Release|Any CPU
		{89DE438F-51C3-45FF-9953-E62C0C448CA3}.Debug|Any CPU.ActiveCfg = Debug|Any CPU
		{89DE438F-51C3-45FF-9953-E62C0C448CA3}.Debug|Any CPU.Build.0 = Debug|Any CPU
		{89DE438F-51C3-45FF-9953-E62C0C448CA3}.Debug|x64.ActiveCfg = Debug|Any CPU
		{89DE438F-51C3-45FF-9953-E62C0C448CA3}.Debug|x64.Build.0 = Debug|Any CPU
		{89DE438F-51C3-45FF-9953-E62C0C448CA3}.Debug|x86.ActiveCfg = Debug|Any CPU
		{89DE438F-51C3-45FF-9953-E62C0C448CA3}.Debug|x86.Build.0 = Debug|Any CPU
		{89DE438F-51C3-45FF-9953-E62C0C448CA3}.Release|Any CPU.ActiveCfg = Release|Any CPU
		{89DE438F-51C3-45FF-9953-E62C0C448CA3}.Release|Any CPU.Build.0 = Release|Any CPU
		{89DE438F-51C3-45FF-9953-E62C0C448CA3}.Release|x64.ActiveCfg = Release|Any CPU
		{89DE438F-51C3-45FF-9953-E62C0C448CA3}.Release|x64.Build.0 = Release|Any CPU
		{89DE438F-51C3-45FF-9953-E62C0C448CA3}.Release|x86.ActiveCfg = Release|Any CPU
		{89DE438F-51C3-45FF-9953-E62C0C448CA3}.Release|x86.Build.0 = Release|Any CPU
		{18699E61-EC64-4D80-9E06-9422E1EC70BD}.Debug|Any CPU.ActiveCfg = Debug|Any CPU
		{18699E61-EC64-4D80-9E06-9422E1EC70BD}.Debug|Any CPU.Build.0 = Debug|Any CPU
		{18699E61-EC64-4D80-9E06-9422E1EC70BD}.Debug|x64.ActiveCfg = Debug|Any CPU
		{18699E61-EC64-4D80-9E06-9422E1EC70BD}.Debug|x64.Build.0 = Debug|Any CPU
		{18699E61-EC64-4D80-9E06-9422E1EC70BD}.Debug|x86.ActiveCfg = Debug|Any CPU
		{18699E61-EC64-4D80-9E06-9422E1EC70BD}.Debug|x86.Build.0 = Debug|Any CPU
		{18699E61-EC64-4D80-9E06-9422E1EC70BD}.Release|Any CPU.ActiveCfg = Release|Any CPU
		{18699E61-EC64-4D80-9E06-9422E1EC70BD}.Release|Any CPU.Build.0 = Release|Any CPU
		{18699E61-EC64-4D80-9E06-9422E1EC70BD}.Release|x64.ActiveCfg = Release|Any CPU
		{18699E61-EC64-4D80-9E06-9422E1EC70BD}.Release|x64.Build.0 = Release|Any CPU
		{18699E61-EC64-4D80-9E06-9422E1EC70BD}.Release|x86.ActiveCfg = Release|Any CPU
		{18699E61-EC64-4D80-9E06-9422E1EC70BD}.Release|x86.Build.0 = Release|Any CPU
		{D5E0E787-0375-4DE0-B945-3EB8D00EEA6C}.Debug|Any CPU.ActiveCfg = Debug|Any CPU
		{D5E0E787-0375-4DE0-B945-3EB8D00EEA6C}.Debug|Any CPU.Build.0 = Debug|Any CPU
		{D5E0E787-0375-4DE0-B945-3EB8D00EEA6C}.Debug|x64.ActiveCfg = Debug|Any CPU
		{D5E0E787-0375-4DE0-B945-3EB8D00EEA6C}.Debug|x64.Build.0 = Debug|Any CPU
		{D5E0E787-0375-4DE0-B945-3EB8D00EEA6C}.Debug|x86.ActiveCfg = Debug|Any CPU
		{D5E0E787-0375-4DE0-B945-3EB8D00EEA6C}.Debug|x86.Build.0 = Debug|Any CPU
		{D5E0E787-0375-4DE0-B945-3EB8D00EEA6C}.Release|Any CPU.ActiveCfg = Release|Any CPU
		{D5E0E787-0375-4DE0-B945-3EB8D00EEA6C}.Release|Any CPU.Build.0 = Release|Any CPU
		{D5E0E787-0375-4DE0-B945-3EB8D00EEA6C}.Release|x64.ActiveCfg = Release|Any CPU
		{D5E0E787-0375-4DE0-B945-3EB8D00EEA6C}.Release|x64.Build.0 = Release|Any CPU
		{D5E0E787-0375-4DE0-B945-3EB8D00EEA6C}.Release|x86.ActiveCfg = Release|Any CPU
		{D5E0E787-0375-4DE0-B945-3EB8D00EEA6C}.Release|x86.Build.0 = Release|Any CPU
		{3C7CA049-AE96-42F7-B716-8C2919DF1A05}.Debug|Any CPU.ActiveCfg = Debug|Any CPU
		{3C7CA049-AE96-42F7-B716-8C2919DF1A05}.Debug|Any CPU.Build.0 = Debug|Any CPU
		{3C7CA049-AE96-42F7-B716-8C2919DF1A05}.Debug|x64.ActiveCfg = Debug|Any CPU
		{3C7CA049-AE96-42F7-B716-8C2919DF1A05}.Debug|x64.Build.0 = Debug|Any CPU
		{3C7CA049-AE96-42F7-B716-8C2919DF1A05}.Debug|x86.ActiveCfg = Debug|Any CPU
		{3C7CA049-AE96-42F7-B716-8C2919DF1A05}.Debug|x86.Build.0 = Debug|Any CPU
		{3C7CA049-AE96-42F7-B716-8C2919DF1A05}.Release|Any CPU.ActiveCfg = Release|Any CPU
		{3C7CA049-AE96-42F7-B716-8C2919DF1A05}.Release|Any CPU.Build.0 = Release|Any CPU
		{3C7CA049-AE96-42F7-B716-8C2919DF1A05}.Release|x64.ActiveCfg = Release|Any CPU
		{3C7CA049-AE96-42F7-B716-8C2919DF1A05}.Release|x64.Build.0 = Release|Any CPU
		{3C7CA049-AE96-42F7-B716-8C2919DF1A05}.Release|x86.ActiveCfg = Release|Any CPU
		{3C7CA049-AE96-42F7-B716-8C2919DF1A05}.Release|x86.Build.0 = Release|Any CPU
		{477733D4-2EB3-4A5F-BF35-26DB0CFA8D65}.Debug|Any CPU.ActiveCfg = Debug|Any CPU
		{477733D4-2EB3-4A5F-BF35-26DB0CFA8D65}.Debug|Any CPU.Build.0 = Debug|Any CPU
		{477733D4-2EB3-4A5F-BF35-26DB0CFA8D65}.Debug|x64.ActiveCfg = Debug|Any CPU
		{477733D4-2EB3-4A5F-BF35-26DB0CFA8D65}.Debug|x64.Build.0 = Debug|Any CPU
		{477733D4-2EB3-4A5F-BF35-26DB0CFA8D65}.Debug|x86.ActiveCfg = Debug|Any CPU
		{477733D4-2EB3-4A5F-BF35-26DB0CFA8D65}.Debug|x86.Build.0 = Debug|Any CPU
		{477733D4-2EB3-4A5F-BF35-26DB0CFA8D65}.Release|Any CPU.ActiveCfg = Release|Any CPU
		{477733D4-2EB3-4A5F-BF35-26DB0CFA8D65}.Release|Any CPU.Build.0 = Release|Any CPU
		{477733D4-2EB3-4A5F-BF35-26DB0CFA8D65}.Release|x64.ActiveCfg = Release|Any CPU
		{477733D4-2EB3-4A5F-BF35-26DB0CFA8D65}.Release|x64.Build.0 = Release|Any CPU
		{477733D4-2EB3-4A5F-BF35-26DB0CFA8D65}.Release|x86.ActiveCfg = Release|Any CPU
		{477733D4-2EB3-4A5F-BF35-26DB0CFA8D65}.Release|x86.Build.0 = Release|Any CPU
		{96FF0CE3-FB8B-44A1-81FC-AD6D790CBF51}.Debug|Any CPU.ActiveCfg = Debug|Any CPU
		{96FF0CE3-FB8B-44A1-81FC-AD6D790CBF51}.Debug|Any CPU.Build.0 = Debug|Any CPU
		{96FF0CE3-FB8B-44A1-81FC-AD6D790CBF51}.Debug|x64.ActiveCfg = Debug|Any CPU
		{96FF0CE3-FB8B-44A1-81FC-AD6D790CBF51}.Debug|x64.Build.0 = Debug|Any CPU
		{96FF0CE3-FB8B-44A1-81FC-AD6D790CBF51}.Debug|x86.ActiveCfg = Debug|Any CPU
		{96FF0CE3-FB8B-44A1-81FC-AD6D790CBF51}.Debug|x86.Build.0 = Debug|Any CPU
		{96FF0CE3-FB8B-44A1-81FC-AD6D790CBF51}.Release|Any CPU.ActiveCfg = Release|Any CPU
		{96FF0CE3-FB8B-44A1-81FC-AD6D790CBF51}.Release|Any CPU.Build.0 = Release|Any CPU
		{96FF0CE3-FB8B-44A1-81FC-AD6D790CBF51}.Release|x64.ActiveCfg = Release|Any CPU
		{96FF0CE3-FB8B-44A1-81FC-AD6D790CBF51}.Release|x64.Build.0 = Release|Any CPU
		{96FF0CE3-FB8B-44A1-81FC-AD6D790CBF51}.Release|x86.ActiveCfg = Release|Any CPU
		{96FF0CE3-FB8B-44A1-81FC-AD6D790CBF51}.Release|x86.Build.0 = Release|Any CPU
		{966BCBB3-D222-4C63-B506-933A0C30BF91}.Debug|Any CPU.ActiveCfg = Debug|Any CPU
		{966BCBB3-D222-4C63-B506-933A0C30BF91}.Debug|Any CPU.Build.0 = Debug|Any CPU
		{966BCBB3-D222-4C63-B506-933A0C30BF91}.Debug|x64.ActiveCfg = Debug|Any CPU
		{966BCBB3-D222-4C63-B506-933A0C30BF91}.Debug|x64.Build.0 = Debug|Any CPU
		{966BCBB3-D222-4C63-B506-933A0C30BF91}.Debug|x86.ActiveCfg = Debug|Any CPU
		{966BCBB3-D222-4C63-B506-933A0C30BF91}.Debug|x86.Build.0 = Debug|Any CPU
		{966BCBB3-D222-4C63-B506-933A0C30BF91}.Release|Any CPU.ActiveCfg = Release|Any CPU
		{966BCBB3-D222-4C63-B506-933A0C30BF91}.Release|Any CPU.Build.0 = Release|Any CPU
		{966BCBB3-D222-4C63-B506-933A0C30BF91}.Release|x64.ActiveCfg = Release|Any CPU
		{966BCBB3-D222-4C63-B506-933A0C30BF91}.Release|x64.Build.0 = Release|Any CPU
		{966BCBB3-D222-4C63-B506-933A0C30BF91}.Release|x86.ActiveCfg = Release|Any CPU
		{966BCBB3-D222-4C63-B506-933A0C30BF91}.Release|x86.Build.0 = Release|Any CPU
		{7AE5371E-C80A-4AA8-9175-7CC43E20F180}.Debug|Any CPU.ActiveCfg = Debug|Any CPU
		{7AE5371E-C80A-4AA8-9175-7CC43E20F180}.Debug|Any CPU.Build.0 = Debug|Any CPU
		{7AE5371E-C80A-4AA8-9175-7CC43E20F180}.Debug|x64.ActiveCfg = Debug|Any CPU
		{7AE5371E-C80A-4AA8-9175-7CC43E20F180}.Debug|x64.Build.0 = Debug|Any CPU
		{7AE5371E-C80A-4AA8-9175-7CC43E20F180}.Debug|x86.ActiveCfg = Debug|Any CPU
		{7AE5371E-C80A-4AA8-9175-7CC43E20F180}.Debug|x86.Build.0 = Debug|Any CPU
		{7AE5371E-C80A-4AA8-9175-7CC43E20F180}.Release|Any CPU.ActiveCfg = Release|Any CPU
		{7AE5371E-C80A-4AA8-9175-7CC43E20F180}.Release|Any CPU.Build.0 = Release|Any CPU
		{7AE5371E-C80A-4AA8-9175-7CC43E20F180}.Release|x64.ActiveCfg = Release|Any CPU
		{7AE5371E-C80A-4AA8-9175-7CC43E20F180}.Release|x64.Build.0 = Release|Any CPU
		{7AE5371E-C80A-4AA8-9175-7CC43E20F180}.Release|x86.ActiveCfg = Release|Any CPU
		{7AE5371E-C80A-4AA8-9175-7CC43E20F180}.Release|x86.Build.0 = Release|Any CPU
	EndGlobalSection
	GlobalSection(SolutionProperties) = preSolution
		HideSolutionNode = FALSE
	EndGlobalSection
	GlobalSection(NestedProjects) = preSolution
		{48E43A06-3E57-498C-A712-2D3558208D58} = {19F12CBC-F5AB-4A09-A253-75D3EB125992}
		{89DE438F-51C3-45FF-9953-E62C0C448CA3} = {5EA4624D-7C10-4724-B8E2-F1DA35CD8201}
		{18699E61-EC64-4D80-9E06-9422E1EC70BD} = {5BC5E40E-E38D-4DF6-9D29-0B74FC98FAD4}
		{D5E0E787-0375-4DE0-B945-3EB8D00EEA6C} = {5BC5E40E-E38D-4DF6-9D29-0B74FC98FAD4}
		{3C7CA049-AE96-42F7-B716-8C2919DF1A05} = {5BC5E40E-E38D-4DF6-9D29-0B74FC98FAD4}
		{477733D4-2EB3-4A5F-BF35-26DB0CFA8D65} = {EA46C166-48C2-4D2F-9B42-FE19C413FAF7}
		{96FF0CE3-FB8B-44A1-81FC-AD6D790CBF51} = {EA46C166-48C2-4D2F-9B42-FE19C413FAF7}
		{966BCBB3-D222-4C63-B506-933A0C30BF91} = {19F12CBC-F5AB-4A09-A253-75D3EB125992}
		{7AE5371E-C80A-4AA8-9175-7CC43E20F180} = {5BC5E40E-E38D-4DF6-9D29-0B74FC98FAD4}
	EndGlobalSection
EndGlobal
